
Microsoft Visual Studio Solution File, Format Version 12.00
# Visual Studio 15
VisualStudioVersion = 15.0.26430.12
MinimumVisualStudioVersion = 10.0.40219.1
Project("{9A19103F-16F7-4668-BE54-9A1E7A4F7556}") = "Common", "Common\Common.csproj", "{9E13998B-7E85-4CD1-96A3-3AD7227DD81D}"
EndProject
Project("{2150E333-8FDC-42A3-9474-1A3956D46DE8}") = "Cache", "Cache", "{BC865357-F45E-4A6F-AA4C-609193902FDC}"
EndProject
Project("{9A19103F-16F7-4668-BE54-9A1E7A4F7556}") = "MemcachedCache", "Cache\MemcachedCache\MemcachedCache.csproj", "{A7551857-671C-4D9C-BA59-EA5D277FAA5A}"
EndProject
Project("{9A19103F-16F7-4668-BE54-9A1E7A4F7556}") = "Redis", "Cache\Redis\Redis.csproj", "{BF73253A-9B83-46BC-B873-D62EC5F517D1}"
EndProject
Project("{2150E333-8FDC-42A3-9474-1A3956D46DE8}") = "Document", "Document", "{37E66584-47D6-4E81-909B-126C21015CBB}"
EndProject
Project("{9A19103F-16F7-4668-BE54-9A1E7A4F7556}") = "Excel", "Document\Excel\Excel.csproj", "{5FE3AB13-B605-45D6-B055-BE3D2ABD995A}"
EndProject
Project("{9A19103F-16F7-4668-BE54-9A1E7A4F7556}") = "PDF", "Document\PDF\PDF.csproj", "{CBB45608-A2FB-491D-B167-15D1C5D74FCD}"
EndProject
Project("{2150E333-8FDC-42A3-9474-1A3956D46DE8}") = "Log", "Log", "{899335D6-14A4-41BC-9B11-D4277865694C}"
EndProject
Project("{9A19103F-16F7-4668-BE54-9A1E7A4F7556}") = "Log4net", "Log\Log4net\Log4net.csproj", "{6D34323B-A16F-4895-A538-F495EFE19330}"
EndProject
Project("{9A19103F-16F7-4668-BE54-9A1E7A4F7556}") = "NLog", "Log\NLog\NLog.csproj", "{870D3A46-95ED-4A0A-A2AA-217B8CDBE728}"
EndProject
Project("{2150E333-8FDC-42A3-9474-1A3956D46DE8}") = "MessageQueue", "MessageQueue", "{FC0DFB3B-C1F4-4CC3-8DCA-BD1CC64D80DC}"
EndProject
Project("{9A19103F-16F7-4668-BE54-9A1E7A4F7556}") = "Kafka", "MessageQueue\Kafka\Kafka.csproj", "{DB41B272-F743-4AD2-B62B-B68AAD47FBCC}"
EndProject
Project("{9A19103F-16F7-4668-BE54-9A1E7A4F7556}") = "RabbitMQ", "MessageQueue\RabbitMQ\RabbitMQ.csproj", "{D2FEDB1A-EAA0-4C80-86C1-CDA9A6A2C88D}"
EndProject
Project("{2150E333-8FDC-42A3-9474-1A3956D46DE8}") = "Ioc", "Ioc", "{5F3D7B6D-99F3-4DF8-AD39-701F1CAE7D30}"
EndProject
Project("{9A19103F-16F7-4668-BE54-9A1E7A4F7556}") = "Ninject", "Ioc\Ninject\Ninject.csproj", "{84905F53-F8EF-48D1-8D1C-FC67D050E2D9}"
EndProject
Project("{2150E333-8FDC-42A3-9474-1A3956D46DE8}") = "Database", "Database", "{FF6980E2-AF07-47E1-94EB-E4B2F35A3718}"
EndProject
Project("{9A19103F-16F7-4668-BE54-9A1E7A4F7556}") = "Mongodb", "Database\Mongodb\Mongodb.csproj", "{EBE7557A-7BBD-4B4E-AC7F-061230D9FCD9}"
EndProject
Project("{9A19103F-16F7-4668-BE54-9A1E7A4F7556}") = "Mongodb20", "Database\Mongodb20\Mongodb20.csproj", "{CADD940E-E5DB-4E49-A225-44F2C56A00A5}"
EndProject
Project("{2150E333-8FDC-42A3-9474-1A3956D46DE8}") = "Repositories", "Repositories", "{9B83560B-3370-4486-9482-7E3599CD4D4C}"
EndProject
Project("{9A19103F-16F7-4668-BE54-9A1E7A4F7556}") = "MongodbRepositories", "Repositories\MongodbRepositories\MongodbRepositories.csproj", "{489E3E42-7DE3-48E4-AB48-822781F53672}"
EndProject
Project("{2150E333-8FDC-42A3-9474-1A3956D46DE8}") = "Sample", "Sample", "{0FE1BBF6-C2C5-4776-9B05-99DFB1508B5D}"
EndProject
Project("{9A19103F-16F7-4668-BE54-9A1E7A4F7556}") = "DocumentSample", "Sample\DocumentSample\DocumentSample.csproj", "{57338095-9CDC-4870-8ABC-052646824822}"
EndProject
Project("{2150E333-8FDC-42A3-9474-1A3956D46DE8}") = "Web", "Web", "{EF211E84-163A-4822-A572-307DF3020A47}"
EndProject
Project("{2150E333-8FDC-42A3-9474-1A3956D46DE8}") = "Console", "Console", "{3588CA12-53E1-4D6D-902A-48E0AF632E93}"
EndProject
Project("{9A19103F-16F7-4668-BE54-9A1E7A4F7556}") = "Common.Web.Core", "Web\Common.Web.Core\Common.Web.Core.csproj", "{92B54770-7947-4A8D-8795-5BD3FBEA2798}"
EndProject
Project("{9A19103F-16F7-4668-BE54-9A1E7A4F7556}") = "Common.Web.Identity.Mongodb", "Web\Common.Web.Identity.Mongodb\Common.Web.Identity.Mongodb.csproj", "{76FE40F3-DF3B-43E3-9997-6321B3C11F3E}"
EndProject
Project("{9A19103F-16F7-4668-BE54-9A1E7A4F7556}") = "ActiveMQ", "MessageQueue\ActiveMQ\ActiveMQ.csproj", "{81CF8A25-7253-4289-9F40-FECFEA6AE58F}"
EndProject
Project("{2150E333-8FDC-42A3-9474-1A3956D46DE8}") = "Test", "Test", "{584BD2EB-5321-4FF5-935D-3840985B56D7}"
EndProject
Project("{9A19103F-16F7-4668-BE54-9A1E7A4F7556}") = "Common.Consul", "Common.Consul\Common.Consul.csproj", "{C0BEC018-F8A3-4CFE-BD2B-AB552553FE25}"
EndProject
Project("{9A19103F-16F7-4668-BE54-9A1E7A4F7556}") = "Common.CoreConsole", "Console\Common.CoreConsole\Common.CoreConsole.csproj", "{390B60F6-9134-4839-A008-E54F7A0A633E}"
EndProject
Project("{9A19103F-16F7-4668-BE54-9A1E7A4F7556}") = "Common.CoreConsole.Sample", "Sample\Common.CoreConsole.Sample\Common.CoreConsole.Sample.csproj", "{5D87B930-0D90-409C-88A4-3DAB7F2A7984}"
EndProject
Global
	GlobalSection(SolutionConfigurationPlatforms) = preSolution
		Debug|Any CPU = Debug|Any CPU
		Release|Any CPU = Release|Any CPU
	EndGlobalSection
	GlobalSection(ProjectConfigurationPlatforms) = postSolution
		{9E13998B-7E85-4CD1-96A3-3AD7227DD81D}.Debug|Any CPU.ActiveCfg = Debug|Any CPU
		{9E13998B-7E85-4CD1-96A3-3AD7227DD81D}.Debug|Any CPU.Build.0 = Debug|Any CPU
		{9E13998B-7E85-4CD1-96A3-3AD7227DD81D}.Release|Any CPU.ActiveCfg = Release|Any CPU
		{9E13998B-7E85-4CD1-96A3-3AD7227DD81D}.Release|Any CPU.Build.0 = Release|Any CPU
		{A7551857-671C-4D9C-BA59-EA5D277FAA5A}.Debug|Any CPU.ActiveCfg = Debug|Any CPU
		{A7551857-671C-4D9C-BA59-EA5D277FAA5A}.Debug|Any CPU.Build.0 = Debug|Any CPU
		{A7551857-671C-4D9C-BA59-EA5D277FAA5A}.Release|Any CPU.ActiveCfg = Release|Any CPU
		{A7551857-671C-4D9C-BA59-EA5D277FAA5A}.Release|Any CPU.Build.0 = Release|Any CPU
		{BF73253A-9B83-46BC-B873-D62EC5F517D1}.Debug|Any CPU.ActiveCfg = Debug|Any CPU
		{BF73253A-9B83-46BC-B873-D62EC5F517D1}.Debug|Any CPU.Build.0 = Debug|Any CPU
		{BF73253A-9B83-46BC-B873-D62EC5F517D1}.Release|Any CPU.ActiveCfg = Release|Any CPU
		{BF73253A-9B83-46BC-B873-D62EC5F517D1}.Release|Any CPU.Build.0 = Release|Any CPU
		{5FE3AB13-B605-45D6-B055-BE3D2ABD995A}.Debug|Any CPU.ActiveCfg = Debug|Any CPU
		{5FE3AB13-B605-45D6-B055-BE3D2ABD995A}.Debug|Any CPU.Build.0 = Debug|Any CPU
		{5FE3AB13-B605-45D6-B055-BE3D2ABD995A}.Release|Any CPU.ActiveCfg = Release|Any CPU
		{5FE3AB13-B605-45D6-B055-BE3D2ABD995A}.Release|Any CPU.Build.0 = Release|Any CPU
		{CBB45608-A2FB-491D-B167-15D1C5D74FCD}.Debug|Any CPU.ActiveCfg = Debug|Any CPU
		{CBB45608-A2FB-491D-B167-15D1C5D74FCD}.Debug|Any CPU.Build.0 = Debug|Any CPU
		{CBB45608-A2FB-491D-B167-15D1C5D74FCD}.Release|Any CPU.ActiveCfg = Release|Any CPU
		{CBB45608-A2FB-491D-B167-15D1C5D74FCD}.Release|Any CPU.Build.0 = Release|Any CPU
		{6D34323B-A16F-4895-A538-F495EFE19330}.Debug|Any CPU.ActiveCfg = Debug|Any CPU
		{6D34323B-A16F-4895-A538-F495EFE19330}.Debug|Any CPU.Build.0 = Debug|Any CPU
		{6D34323B-A16F-4895-A538-F495EFE19330}.Release|Any CPU.ActiveCfg = Release|Any CPU
		{6D34323B-A16F-4895-A538-F495EFE19330}.Release|Any CPU.Build.0 = Release|Any CPU
		{870D3A46-95ED-4A0A-A2AA-217B8CDBE728}.Debug|Any CPU.ActiveCfg = Debug|Any CPU
		{870D3A46-95ED-4A0A-A2AA-217B8CDBE728}.Debug|Any CPU.Build.0 = Debug|Any CPU
		{870D3A46-95ED-4A0A-A2AA-217B8CDBE728}.Release|Any CPU.ActiveCfg = Release|Any CPU
		{870D3A46-95ED-4A0A-A2AA-217B8CDBE728}.Release|Any CPU.Build.0 = Release|Any CPU
		{DB41B272-F743-4AD2-B62B-B68AAD47FBCC}.Debug|Any CPU.ActiveCfg = Debug|Any CPU
		{DB41B272-F743-4AD2-B62B-B68AAD47FBCC}.Debug|Any CPU.Build.0 = Debug|Any CPU
		{DB41B272-F743-4AD2-B62B-B68AAD47FBCC}.Release|Any CPU.ActiveCfg = Release|Any CPU
		{DB41B272-F743-4AD2-B62B-B68AAD47FBCC}.Release|Any CPU.Build.0 = Release|Any CPU
		{D2FEDB1A-EAA0-4C80-86C1-CDA9A6A2C88D}.Debug|Any CPU.ActiveCfg = Debug|Any CPU
		{D2FEDB1A-EAA0-4C80-86C1-CDA9A6A2C88D}.Debug|Any CPU.Build.0 = Debug|Any CPU
		{D2FEDB1A-EAA0-4C80-86C1-CDA9A6A2C88D}.Release|Any CPU.ActiveCfg = Release|Any CPU
		{D2FEDB1A-EAA0-4C80-86C1-CDA9A6A2C88D}.Release|Any CPU.Build.0 = Release|Any CPU
		{84905F53-F8EF-48D1-8D1C-FC67D050E2D9}.Debug|Any CPU.ActiveCfg = Debug|Any CPU
		{84905F53-F8EF-48D1-8D1C-FC67D050E2D9}.Debug|Any CPU.Build.0 = Debug|Any CPU
		{84905F53-F8EF-48D1-8D1C-FC67D050E2D9}.Release|Any CPU.ActiveCfg = Release|Any CPU
		{84905F53-F8EF-48D1-8D1C-FC67D050E2D9}.Release|Any CPU.Build.0 = Release|Any CPU
		{EBE7557A-7BBD-4B4E-AC7F-061230D9FCD9}.Debug|Any CPU.ActiveCfg = Debug|Any CPU
		{EBE7557A-7BBD-4B4E-AC7F-061230D9FCD9}.Debug|Any CPU.Build.0 = Debug|Any CPU
		{EBE7557A-7BBD-4B4E-AC7F-061230D9FCD9}.Release|Any CPU.ActiveCfg = Release|Any CPU
		{EBE7557A-7BBD-4B4E-AC7F-061230D9FCD9}.Release|Any CPU.Build.0 = Release|Any CPU
		{CADD940E-E5DB-4E49-A225-44F2C56A00A5}.Debug|Any CPU.ActiveCfg = Debug|Any CPU
		{CADD940E-E5DB-4E49-A225-44F2C56A00A5}.Debug|Any CPU.Build.0 = Debug|Any CPU
		{CADD940E-E5DB-4E49-A225-44F2C56A00A5}.Release|Any CPU.ActiveCfg = Release|Any CPU
		{CADD940E-E5DB-4E49-A225-44F2C56A00A5}.Release|Any CPU.Build.0 = Release|Any CPU
		{489E3E42-7DE3-48E4-AB48-822781F53672}.Debug|Any CPU.ActiveCfg = Debug|Any CPU
		{489E3E42-7DE3-48E4-AB48-822781F53672}.Debug|Any CPU.Build.0 = Debug|Any CPU
		{489E3E42-7DE3-48E4-AB48-822781F53672}.Release|Any CPU.ActiveCfg = Release|Any CPU
		{489E3E42-7DE3-48E4-AB48-822781F53672}.Release|Any CPU.Build.0 = Release|Any CPU
		{57338095-9CDC-4870-8ABC-052646824822}.Debug|Any CPU.ActiveCfg = Debug|Any CPU
		{57338095-9CDC-4870-8ABC-052646824822}.Debug|Any CPU.Build.0 = Debug|Any CPU
		{57338095-9CDC-4870-8ABC-052646824822}.Release|Any CPU.ActiveCfg = Release|Any CPU
		{57338095-9CDC-4870-8ABC-052646824822}.Release|Any CPU.Build.0 = Release|Any CPU
		{92B54770-7947-4A8D-8795-5BD3FBEA2798}.Debug|Any CPU.ActiveCfg = Debug|Any CPU
		{92B54770-7947-4A8D-8795-5BD3FBEA2798}.Debug|Any CPU.Build.0 = Debug|Any CPU
		{92B54770-7947-4A8D-8795-5BD3FBEA2798}.Release|Any CPU.ActiveCfg = Release|Any CPU
		{92B54770-7947-4A8D-8795-5BD3FBEA2798}.Release|Any CPU.Build.0 = Release|Any CPU
		{76FE40F3-DF3B-43E3-9997-6321B3C11F3E}.Debug|Any CPU.ActiveCfg = Debug|Any CPU
		{76FE40F3-DF3B-43E3-9997-6321B3C11F3E}.Debug|Any CPU.Build.0 = Debug|Any CPU
		{76FE40F3-DF3B-43E3-9997-6321B3C11F3E}.Release|Any CPU.ActiveCfg = Release|Any CPU
		{76FE40F3-DF3B-43E3-9997-6321B3C11F3E}.Release|Any CPU.Build.0 = Release|Any CPU
		{81CF8A25-7253-4289-9F40-FECFEA6AE58F}.Debug|Any CPU.ActiveCfg = Debug|Any CPU
		{81CF8A25-7253-4289-9F40-FECFEA6AE58F}.Debug|Any CPU.Build.0 = Debug|Any CPU
		{81CF8A25-7253-4289-9F40-FECFEA6AE58F}.Release|Any CPU.ActiveCfg = Release|Any CPU
		{81CF8A25-7253-4289-9F40-FECFEA6AE58F}.Release|Any CPU.Build.0 = Release|Any CPU
		{C0BEC018-F8A3-4CFE-BD2B-AB552553FE25}.Debug|Any CPU.ActiveCfg = Debug|Any CPU
		{C0BEC018-F8A3-4CFE-BD2B-AB552553FE25}.Debug|Any CPU.Build.0 = Debug|Any CPU
		{C0BEC018-F8A3-4CFE-BD2B-AB552553FE25}.Release|Any CPU.ActiveCfg = Release|Any CPU
		{C0BEC018-F8A3-4CFE-BD2B-AB552553FE25}.Release|Any CPU.Build.0 = Release|Any CPU
		{390B60F6-9134-4839-A008-E54F7A0A633E}.Debug|Any CPU.ActiveCfg = Debug|Any CPU
		{390B60F6-9134-4839-A008-E54F7A0A633E}.Debug|Any CPU.Build.0 = Debug|Any CPU
		{390B60F6-9134-4839-A008-E54F7A0A633E}.Release|Any CPU.ActiveCfg = Release|Any CPU
		{390B60F6-9134-4839-A008-E54F7A0A633E}.Release|Any CPU.Build.0 = Release|Any CPU
		{5D87B930-0D90-409C-88A4-3DAB7F2A7984}.Debug|Any CPU.ActiveCfg = Debug|Any CPU
		{5D87B930-0D90-409C-88A4-3DAB7F2A7984}.Debug|Any CPU.Build.0 = Debug|Any CPU
		{5D87B930-0D90-409C-88A4-3DAB7F2A7984}.Release|Any CPU.ActiveCfg = Release|Any CPU
		{5D87B930-0D90-409C-88A4-3DAB7F2A7984}.Release|Any CPU.Build.0 = Release|Any CPU
	EndGlobalSection
	GlobalSection(SolutionProperties) = preSolution
		HideSolutionNode = FALSE
	EndGlobalSection
	GlobalSection(NestedProjects) = preSolution
		{A7551857-671C-4D9C-BA59-EA5D277FAA5A} = {BC865357-F45E-4A6F-AA4C-609193902FDC}
		{BF73253A-9B83-46BC-B873-D62EC5F517D1} = {BC865357-F45E-4A6F-AA4C-609193902FDC}
		{5FE3AB13-B605-45D6-B055-BE3D2ABD995A} = {37E66584-47D6-4E81-909B-126C21015CBB}
		{CBB45608-A2FB-491D-B167-15D1C5D74FCD} = {37E66584-47D6-4E81-909B-126C21015CBB}
		{6D34323B-A16F-4895-A538-F495EFE19330} = {899335D6-14A4-41BC-9B11-D4277865694C}
		{870D3A46-95ED-4A0A-A2AA-217B8CDBE728} = {899335D6-14A4-41BC-9B11-D4277865694C}
		{DB41B272-F743-4AD2-B62B-B68AAD47FBCC} = {FC0DFB3B-C1F4-4CC3-8DCA-BD1CC64D80DC}
		{D2FEDB1A-EAA0-4C80-86C1-CDA9A6A2C88D} = {FC0DFB3B-C1F4-4CC3-8DCA-BD1CC64D80DC}
		{84905F53-F8EF-48D1-8D1C-FC67D050E2D9} = {5F3D7B6D-99F3-4DF8-AD39-701F1CAE7D30}
		{EBE7557A-7BBD-4B4E-AC7F-061230D9FCD9} = {FF6980E2-AF07-47E1-94EB-E4B2F35A3718}
		{CADD940E-E5DB-4E49-A225-44F2C56A00A5} = {FF6980E2-AF07-47E1-94EB-E4B2F35A3718}
		{489E3E42-7DE3-48E4-AB48-822781F53672} = {9B83560B-3370-4486-9482-7E3599CD4D4C}
		{57338095-9CDC-4870-8ABC-052646824822} = {0FE1BBF6-C2C5-4776-9B05-99DFB1508B5D}
		{92B54770-7947-4A8D-8795-5BD3FBEA2798} = {EF211E84-163A-4822-A572-307DF3020A47}
		{76FE40F3-DF3B-43E3-9997-6321B3C11F3E} = {EF211E84-163A-4822-A572-307DF3020A47}
		{81CF8A25-7253-4289-9F40-FECFEA6AE58F} = {FC0DFB3B-C1F4-4CC3-8DCA-BD1CC64D80DC}
		{390B60F6-9134-4839-A008-E54F7A0A633E} = {3588CA12-53E1-4D6D-902A-48E0AF632E93}
		{5D87B930-0D90-409C-88A4-3DAB7F2A7984} = {0FE1BBF6-C2C5-4776-9B05-99DFB1508B5D}
	EndGlobalSection
	GlobalSection(ExtensibilityGlobals) = postSolution
		SolutionGuid = {127FC33F-9184-4331-A078-BB65BB3DA928}
	EndGlobalSection
EndGlobal
